
Microsoft Visual Studio Solution File, Format Version 12.00
# Visual Studio 14
VisualStudioVersion = 14.0.24720.0
MinimumVisualStudioVersion = 10.0.40219.1
Project("{FAE04EC0-301F-11D3-BF4B-00C04F79EFBC}") = "Aveva", "Aveva\Aveva.csproj", "{2AC6485F-6EFB-4854-B9EF-3E8BA6B19292}"
EndProject
Project("{2150E333-8FDC-42A3-9474-1A3956D46DE8}") = "Aveva.Interfaces", "Aveva.Interfaces", "{3034B46A-EEDA-49D8-BD99-3ACB5689F037}"
EndProject
Project("{FAE04EC0-301F-11D3-BF4B-00C04F79EFBC}") = "Interfaces", "Interfaces\Interfaces.csproj", "{8A71E511-F257-4D71-83D1-9A5157BB9916}"
EndProject
Project("{2150E333-8FDC-42A3-9474-1A3956D46DE8}") = "Aveva.ViewModels", "Aveva.ViewModels", "{A1061A33-0FC6-4AB5-895E-FCDCD70E94C0}"
EndProject
Project("{FAE04EC0-301F-11D3-BF4B-00C04F79EFBC}") = "ViewModels", "ViewModels\ViewModels.csproj", "{AAB57EDC-D6FA-4ED9-805F-39396D8C3836}"
EndProject
Project("{2150E333-8FDC-42A3-9474-1A3956D46DE8}") = "Aveva.ViewModelBuilder", "Aveva.ViewModelBuilder", "{C9FDB830-3C9B-41E4-978D-1005FB38D333}"
EndProject
Project("{FAE04EC0-301F-11D3-BF4B-00C04F79EFBC}") = "ViewModelBuilder", "ViewModelBuilder\ViewModelBuilder.csproj", "{6B729180-A695-4244-81C9-B9AA587637B8}"
EndProject
Global
	GlobalSection(SolutionConfigurationPlatforms) = preSolution
		Debug|Any CPU = Debug|Any CPU
		Release|Any CPU = Release|Any CPU
	EndGlobalSection
	GlobalSection(ProjectConfigurationPlatforms) = postSolution
		{2AC6485F-6EFB-4854-B9EF-3E8BA6B19292}.Debug|Any CPU.ActiveCfg = Debug|Any CPU
		{2AC6485F-6EFB-4854-B9EF-3E8BA6B19292}.Debug|Any CPU.Build.0 = Debug|Any CPU
		{2AC6485F-6EFB-4854-B9EF-3E8BA6B19292}.Release|Any CPU.ActiveCfg = Release|Any CPU
		{2AC6485F-6EFB-4854-B9EF-3E8BA6B19292}.Release|Any CPU.Build.0 = Release|Any CPU
		{8A71E511-F257-4D71-83D1-9A5157BB9916}.Debug|Any CPU.ActiveCfg = Debug|Any CPU
		{8A71E511-F257-4D71-83D1-9A5157BB9916}.Debug|Any CPU.Build.0 = Debug|Any CPU
		{8A71E511-F257-4D71-83D1-9A5157BB9916}.Release|Any CPU.ActiveCfg = Release|Any CPU
		{8A71E511-F257-4D71-83D1-9A5157BB9916}.Release|Any CPU.Build.0 = Release|Any CPU
		{AAB57EDC-D6FA-4ED9-805F-39396D8C3836}.Debug|Any CPU.ActiveCfg = Debug|Any CPU
		{AAB57EDC-D6FA-4ED9-805F-39396D8C3836}.Debug|Any CPU.Build.0 = Debug|Any CPU
		{AAB57EDC-D6FA-4ED9-805F-39396D8C3836}.Release|Any CPU.ActiveCfg = Release|Any CPU
		{AAB57EDC-D6FA-4ED9-805F-39396D8C3836}.Release|Any CPU.Build.0 = Release|Any CPU
		{6B729180-A695-4244-81C9-B9AA587637B8}.Debug|Any CPU.ActiveCfg = Debug|Any CPU
		{6B729180-A695-4244-81C9-B9AA587637B8}.Debug|Any CPU.Build.0 = Debug|Any CPU
		{6B729180-A695-4244-81C9-B9AA587637B8}.Release|Any CPU.ActiveCfg = Release|Any CPU
		{6B729180-A695-4244-81C9-B9AA587637B8}.Release|Any CPU.Build.0 = Release|Any CPU
	EndGlobalSection
	GlobalSection(SolutionProperties) = preSolution
		HideSolutionNode = FALSE
	EndGlobalSection
	GlobalSection(NestedProjects) = preSolution
		{8A71E511-F257-4D71-83D1-9A5157BB9916} = {3034B46A-EEDA-49D8-BD99-3ACB5689F037}
		{AAB57EDC-D6FA-4ED9-805F-39396D8C3836} = {A1061A33-0FC6-4AB5-895E-FCDCD70E94C0}
		{6B729180-A695-4244-81C9-B9AA587637B8} = {C9FDB830-3C9B-41E4-978D-1005FB38D333}
	EndGlobalSection
EndGlobal
